<?xml version="1.0" encoding="utf-8"?>
<Project ToolsVersion="4.0" xmlns="http://schemas.microsoft.com/developer/msbuild/2003">
  <ItemGroup>
    <Filter Include="소스 파일">
      <UniqueIdentifier>{4FC737F1-C7A5-4376-A066-2A32D752A2FF}</UniqueIdentifier>
      <Extensions>cpp;c;cc;cxx;c++;cppm;ixx;def;odl;idl;hpj;bat;asm;asmx</Extensions>
    </Filter>
    <Filter Include="헤더 파일">
      <UniqueIdentifier>{93995380-89BD-4b04-88EB-625FBE52EBFB}</UniqueIdentifier>
      <Extensions>h;hh;hpp;hxx;h++;hm;inl;inc;ipp;xsd</Extensions>
    </Filter>
    <Filter Include="리소스 파일">
      <UniqueIdentifier>{67DA6AB6-F800-4c08-8B7A-83BB121AAD01}</UniqueIdentifier>
      <Extensions>rc;ico;cur;bmp;dlg;rc2;rct;bin;rgs;gif;jpg;jpeg;jpe;resx;tiff;tif;png;wav;mfcribbon-ms</Extensions>
    </Filter>
    <Filter Include="소스 파일\Base">
      <UniqueIdentifier>{7c592abd-b179-47e4-999e-7275354ad542}</UniqueIdentifier>
    </Filter>
    <Filter Include="헤더 파일\Base">
      <UniqueIdentifier>{a859279f-03ec-40c2-8b69-f2e88fa1c9dd}</UniqueIdentifier>
    </Filter>
    <Filter Include="소스 파일\Objects">
      <UniqueIdentifier>{de85a713-9097-4b65-85c3-056651514b5e}</UniqueIdentifier>
    </Filter>
    <Filter Include="헤더 파일\Objects">
      <UniqueIdentifier>{6ac2c5bb-562e-4390-9e33-45013fa1328c}</UniqueIdentifier>
    </Filter>
    <Filter Include="소스 파일\GamePlay">
      <UniqueIdentifier>{0c99fc3a-f142-407c-b7a9-7def72fd9ace}</UniqueIdentifier>
    </Filter>
    <Filter Include="헤더 파일\GamePlay">
      <UniqueIdentifier>{82b5aede-8a4f-4e72-8f6e-473b0777031b}</UniqueIdentifier>
    </Filter>
    <Filter Include="소스 파일\Environment">
      <UniqueIdentifier>{0d1c0e3f-60b3-42e9-b1c2-57ce1c97b759}</UniqueIdentifier>
    </Filter>
    <Filter Include="헤더 파일\Environment">
      <UniqueIdentifier>{7db8ddca-2fff-4f43-a6c3-77d78edd94e4}</UniqueIdentifier>
    </Filter>
    <Filter Include="소스 파일\Map">
      <UniqueIdentifier>{b633aa7f-20ad-476c-87c8-8b2a2d2cbbb9}</UniqueIdentifier>
    </Filter>
    <Filter Include="헤더 파일\Map">
      <UniqueIdentifier>{53cdf73e-167f-49ab-b15c-e56b4ea43e22}</UniqueIdentifier>
    </Filter>
  </ItemGroup>
  <ItemGroup>
    <ClCompile Include="SOKOBAN.cpp">
      <Filter>소스 파일</Filter>
    </ClCompile>
    <ClCompile Include="Actor.cpp">
      <Filter>소스 파일\Base</Filter>
    </ClCompile>
    <ClCompile Include="IMovable.cpp">
      <Filter>소스 파일\Base</Filter>
    </ClCompile>
    <ClCompile Include="Box.cpp">
      <Filter>소스 파일\Objects</Filter>
    </ClCompile>
    <ClCompile Include="House.cpp">
      <Filter>소스 파일\Objects</Filter>
    </ClCompile>
    <ClCompile Include="Player.cpp">
      <Filter>소스 파일\Objects</Filter>
    </ClCompile>
    <ClCompile Include="Wall.cpp">
      <Filter>소스 파일\Objects</Filter>
    </ClCompile>
    <ClCompile Include="SokobanGame.cpp">
      <Filter>소스 파일\GamePlay</Filter>
    </ClCompile>
    <ClCompile Include="GameWorld.cpp">
      <Filter>소스 파일\GamePlay</Filter>
    </ClCompile>
    <ClCompile Include="IHaveColor.cpp">
      <Filter>소스 파일\Base</Filter>
    </ClCompile>
    <ClCompile Include="MovableActor.cpp">
      <Filter>소스 파일\Base</Filter>
    </ClCompile>
    <ClCompile Include="ConsoleManager.cpp">
      <Filter>소스 파일\Environment</Filter>
    </ClCompile>
    <ClCompile Include="Map.cpp">
      <Filter>소스 파일\Map</Filter>
    </ClCompile>
  </ItemGroup>
  <ItemGroup>
    <ClInclude Include="Actor.h">
      <Filter>헤더 파일\Base</Filter>
    </ClInclude>
    <ClInclude Include="IMovable.h">
      <Filter>헤더 파일\Base</Filter>
    </ClInclude>
    <ClInclude Include="Box.h">
      <Filter>헤더 파일\Objects</Filter>
    </ClInclude>
    <ClInclude Include="House.h">
      <Filter>헤더 파일\Objects</Filter>
    </ClInclude>
    <ClInclude Include="Player.h">
      <Filter>헤더 파일\Objects</Filter>
    </ClInclude>
    <ClInclude Include="Wall.h">
      <Filter>헤더 파일\Objects</Filter>
    </ClInclude>
    <ClInclude Include="GameWorld.h">
      <Filter>헤더 파일\GamePlay</Filter>
    </ClInclude>
    <ClInclude Include="SokobanGame.h">
      <Filter>헤더 파일\GamePlay</Filter>
    </ClInclude>
    <ClInclude Include="SokobanCommon.h">
      <Filter>헤더 파일\Base</Filter>
    </ClInclude>
    <ClInclude Include="IHaveColor.h">
      <Filter>헤더 파일\Base</Filter>
    </ClInclude>
    <ClInclude Include="MovableActor.h">
      <Filter>헤더 파일\Base</Filter>
    </ClInclude>
    <ClInclude Include="ConsoleManager.h">
      <Filter>헤더 파일\Environment</Filter>
    </ClInclude>
    <ClInclude Include="Map.h">
      <Filter>헤더 파일\Map</Filter>
    </ClInclude>
  </ItemGroup>
</Project>